
Microsoft Visual Studio Solution File, Format Version 12.00
# Visual Studio Version 17
VisualStudioVersion = 17.4.33122.133
MinimumVisualStudioVersion = 10.0.40219.1
Project("{9A19103F-16F7-4668-BE54-9A1E7A4F7556}") = "MeasureApp", "MeasureApp\MeasureApp.csproj", "{663112C2-BD4B-469E-AE03-781887BD5DA0}"
EndProject
Project("{9A19103F-16F7-4668-BE54-9A1E7A4F7556}") = "CarrotProtocolCommDemo", "CarrotProtocolCommDemo\CarrotProtocolCommDemo.csproj", "{61FBCF7C-CEBB-4B41-AA69-9DDADCEE12C2}"
EndProject
Project("{9A19103F-16F7-4668-BE54-9A1E7A4F7556}") = "CarrotProtocolCommDemoTests", "CarrotProtocolCommDemoTests\CarrotProtocolCommDemoTests.csproj", "{9AD725DA-CF84-40DD-875D-8CB2A215F3DA}"
EndProject
Project("{9A19103F-16F7-4668-BE54-9A1E7A4F7556}") = "CarrotProtocolLib", "CarrotProtocolLib\CarrotProtocolLib.csproj", "{EB05C2D0-F026-4E73-84C9-390FAC0B9038}"
EndProject
Project("{9A19103F-16F7-4668-BE54-9A1E7A4F7556}") = "CarrotProtocolLibBenchmark", "CarrotProtocolLibBenchmark\CarrotProtocolLibBenchmark.csproj", "{DD486DA0-344F-4B6D-ACD8-64F5324152A5}"
EndProject
Project("{9A19103F-16F7-4668-BE54-9A1E7A4F7556}") = "CarrotCommFramework", "IOStreamDemo\CarrotCommFramework.csproj", "{3C0A1459-2F1A-488C-8777-9105D0102370}"
EndProject
Project("{9A19103F-16F7-4668-BE54-9A1E7A4F7556}") = "HighPrecisionTimer", "HighPrecisionTimer\HighPrecisionTimer.csproj", "{D3897B36-E173-44C8-8BD3-D276F8E9C54F}"
EndProject
Project("{9A19103F-16F7-4668-BE54-9A1E7A4F7556}") = "HighPrecisionTimerBenchmark", "HighPrecisionTimerBenchmark\HighPrecisionTimerBenchmark.csproj", "{5B2F4E6D-23B3-4CBF-83FC-42BE15EFAC47}"
EndProject
Project("{FAE04EC0-301F-11D3-BF4B-00C04F79EFBC}") = "CarrotCommFrameworkDemo", "CarrotCommFrameworkDemo\CarrotCommFrameworkDemo.csproj", "{87558C46-9D3A-4E0A-8A0B-3743E56310C3}"
EndProject
Global
	GlobalSection(SolutionConfigurationPlatforms) = preSolution
		Debug|Any CPU = Debug|Any CPU
		Debug|x64 = Debug|x64
		Debug|x86 = Debug|x86
		Release|Any CPU = Release|Any CPU
		Release|x64 = Release|x64
		Release|x86 = Release|x86
	EndGlobalSection
	GlobalSection(ProjectConfigurationPlatforms) = postSolution
		{663112C2-BD4B-469E-AE03-781887BD5DA0}.Debug|Any CPU.ActiveCfg = Debug|Any CPU
		{663112C2-BD4B-469E-AE03-781887BD5DA0}.Debug|Any CPU.Build.0 = Debug|Any CPU
		{663112C2-BD4B-469E-AE03-781887BD5DA0}.Debug|x64.ActiveCfg = Debug|Any CPU
		{663112C2-BD4B-469E-AE03-781887BD5DA0}.Debug|x64.Build.0 = Debug|Any CPU
		{663112C2-BD4B-469E-AE03-781887BD5DA0}.Debug|x86.ActiveCfg = Debug|Any CPU
		{663112C2-BD4B-469E-AE03-781887BD5DA0}.Debug|x86.Build.0 = Debug|Any CPU
		{663112C2-BD4B-469E-AE03-781887BD5DA0}.Release|Any CPU.ActiveCfg = Release|Any CPU
		{663112C2-BD4B-469E-AE03-781887BD5DA0}.Release|Any CPU.Build.0 = Release|Any CPU
		{663112C2-BD4B-469E-AE03-781887BD5DA0}.Release|x64.ActiveCfg = Release|Any CPU
		{663112C2-BD4B-469E-AE03-781887BD5DA0}.Release|x64.Build.0 = Release|Any CPU
		{663112C2-BD4B-469E-AE03-781887BD5DA0}.Release|x86.ActiveCfg = Release|Any CPU
		{663112C2-BD4B-469E-AE03-781887BD5DA0}.Release|x86.Build.0 = Release|Any CPU
		{61FBCF7C-CEBB-4B41-AA69-9DDADCEE12C2}.Debug|Any CPU.ActiveCfg = Debug|Any CPU
		{61FBCF7C-CEBB-4B41-AA69-9DDADCEE12C2}.Debug|Any CPU.Build.0 = Debug|Any CPU
		{61FBCF7C-CEBB-4B41-AA69-9DDADCEE12C2}.Debug|x64.ActiveCfg = Debug|Any CPU
		{61FBCF7C-CEBB-4B41-AA69-9DDADCEE12C2}.Debug|x64.Build.0 = Debug|Any CPU
		{61FBCF7C-CEBB-4B41-AA69-9DDADCEE12C2}.Debug|x86.ActiveCfg = Debug|Any CPU
		{61FBCF7C-CEBB-4B41-AA69-9DDADCEE12C2}.Debug|x86.Build.0 = Debug|Any CPU
		{61FBCF7C-CEBB-4B41-AA69-9DDADCEE12C2}.Release|Any CPU.ActiveCfg = Release|Any CPU
		{61FBCF7C-CEBB-4B41-AA69-9DDADCEE12C2}.Release|Any CPU.Build.0 = Release|Any CPU
		{61FBCF7C-CEBB-4B41-AA69-9DDADCEE12C2}.Release|x64.ActiveCfg = Release|Any CPU
		{61FBCF7C-CEBB-4B41-AA69-9DDADCEE12C2}.Release|x64.Build.0 = Release|Any CPU
		{61FBCF7C-CEBB-4B41-AA69-9DDADCEE12C2}.Release|x86.ActiveCfg = Release|Any CPU
		{61FBCF7C-CEBB-4B41-AA69-9DDADCEE12C2}.Release|x86.Build.0 = Release|Any CPU
		{9AD725DA-CF84-40DD-875D-8CB2A215F3DA}.Debug|Any CPU.ActiveCfg = Debug|Any CPU
		{9AD725DA-CF84-40DD-875D-8CB2A215F3DA}.Debug|Any CPU.Build.0 = Debug|Any CPU
		{9AD725DA-CF84-40DD-875D-8CB2A215F3DA}.Debug|x64.ActiveCfg = Debug|Any CPU
		{9AD725DA-CF84-40DD-875D-8CB2A215F3DA}.Debug|x64.Build.0 = Debug|Any CPU
		{9AD725DA-CF84-40DD-875D-8CB2A215F3DA}.Debug|x86.ActiveCfg = Debug|Any CPU
		{9AD725DA-CF84-40DD-875D-8CB2A215F3DA}.Debug|x86.Build.0 = Debug|Any CPU
		{9AD725DA-CF84-40DD-875D-8CB2A215F3DA}.Release|Any CPU.ActiveCfg = Release|Any CPU
		{9AD725DA-CF84-40DD-875D-8CB2A215F3DA}.Release|Any CPU.Build.0 = Release|Any CPU
		{9AD725DA-CF84-40DD-875D-8CB2A215F3DA}.Release|x64.ActiveCfg = Release|Any CPU
		{9AD725DA-CF84-40DD-875D-8CB2A215F3DA}.Release|x64.Build.0 = Release|Any CPU
		{9AD725DA-CF84-40DD-875D-8CB2A215F3DA}.Release|x86.ActiveCfg = Release|Any CPU
		{9AD725DA-CF84-40DD-875D-8CB2A215F3DA}.Release|x86.Build.0 = Release|Any CPU
		{EB05C2D0-F026-4E73-84C9-390FAC0B9038}.Debug|Any CPU.ActiveCfg = Debug|Any CPU
		{EB05C2D0-F026-4E73-84C9-390FAC0B9038}.Debug|Any CPU.Build.0 = Debug|Any CPU
		{EB05C2D0-F026-4E73-84C9-390FAC0B9038}.Debug|x64.ActiveCfg = Debug|Any CPU
		{EB05C2D0-F026-4E73-84C9-390FAC0B9038}.Debug|x64.Build.0 = Debug|Any CPU
		{EB05C2D0-F026-4E73-84C9-390FAC0B9038}.Debug|x86.ActiveCfg = Debug|Any CPU
		{EB05C2D0-F026-4E73-84C9-390FAC0B9038}.Debug|x86.Build.0 = Debug|Any CPU
		{EB05C2D0-F026-4E73-84C9-390FAC0B9038}.Release|Any CPU.ActiveCfg = Release|Any CPU
		{EB05C2D0-F026-4E73-84C9-390FAC0B9038}.Release|Any CPU.Build.0 = Release|Any CPU
		{EB05C2D0-F026-4E73-84C9-390FAC0B9038}.Release|x64.ActiveCfg = Release|Any CPU
		{EB05C2D0-F026-4E73-84C9-390FAC0B9038}.Release|x64.Build.0 = Release|Any CPU
		{EB05C2D0-F026-4E73-84C9-390FAC0B9038}.Release|x86.ActiveCfg = Release|Any CPU
		{EB05C2D0-F026-4E73-84C9-390FAC0B9038}.Release|x86.Build.0 = Release|Any CPU
		{DD486DA0-344F-4B6D-ACD8-64F5324152A5}.Debug|Any CPU.ActiveCfg = Debug|Any CPU
		{DD486DA0-344F-4B6D-ACD8-64F5324152A5}.Debug|Any CPU.Build.0 = Debug|Any CPU
		{DD486DA0-344F-4B6D-ACD8-64F5324152A5}.Debug|x64.ActiveCfg = Debug|Any CPU
		{DD486DA0-344F-4B6D-ACD8-64F5324152A5}.Debug|x64.Build.0 = Debug|Any CPU
		{DD486DA0-344F-4B6D-ACD8-64F5324152A5}.Debug|x86.ActiveCfg = Debug|Any CPU
		{DD486DA0-344F-4B6D-ACD8-64F5324152A5}.Debug|x86.Build.0 = Debug|Any CPU
		{DD486DA0-344F-4B6D-ACD8-64F5324152A5}.Release|Any CPU.ActiveCfg = Release|Any CPU
		{DD486DA0-344F-4B6D-ACD8-64F5324152A5}.Release|Any CPU.Build.0 = Release|Any CPU
		{DD486DA0-344F-4B6D-ACD8-64F5324152A5}.Release|x64.ActiveCfg = Release|Any CPU
		{DD486DA0-344F-4B6D-ACD8-64F5324152A5}.Release|x64.Build.0 = Release|Any CPU
		{DD486DA0-344F-4B6D-ACD8-64F5324152A5}.Release|x86.ActiveCfg = Release|Any CPU
		{DD486DA0-344F-4B6D-ACD8-64F5324152A5}.Release|x86.Build.0 = Release|Any CPU
		{3C0A1459-2F1A-488C-8777-9105D0102370}.Debug|Any CPU.ActiveCfg = Debug|Any CPU
		{3C0A1459-2F1A-488C-8777-9105D0102370}.Debug|Any CPU.Build.0 = Debug|Any CPU
		{3C0A1459-2F1A-488C-8777-9105D0102370}.Debug|x64.ActiveCfg = Debug|Any CPU
		{3C0A1459-2F1A-488C-8777-9105D0102370}.Debug|x64.Build.0 = Debug|Any CPU
		{3C0A1459-2F1A-488C-8777-9105D0102370}.Debug|x86.ActiveCfg = Debug|Any CPU
		{3C0A1459-2F1A-488C-8777-9105D0102370}.Debug|x86.Build.0 = Debug|Any CPU
		{3C0A1459-2F1A-488C-8777-9105D0102370}.Release|Any CPU.ActiveCfg = Release|Any CPU
		{3C0A1459-2F1A-488C-8777-9105D0102370}.Release|Any CPU.Build.0 = Release|Any CPU
		{3C0A1459-2F1A-488C-8777-9105D0102370}.Release|x64.ActiveCfg = Release|Any CPU
		{3C0A1459-2F1A-488C-8777-9105D0102370}.Release|x64.Build.0 = Release|Any CPU
		{3C0A1459-2F1A-488C-8777-9105D0102370}.Release|x86.ActiveCfg = Release|Any CPU
		{3C0A1459-2F1A-488C-8777-9105D0102370}.Release|x86.Build.0 = Release|Any CPU
		{D3897B36-E173-44C8-8BD3-D276F8E9C54F}.Debug|Any CPU.ActiveCfg = Debug|Any CPU
		{D3897B36-E173-44C8-8BD3-D276F8E9C54F}.Debug|Any CPU.Build.0 = Debug|Any CPU
		{D3897B36-E173-44C8-8BD3-D276F8E9C54F}.Debug|x64.ActiveCfg = Debug|Any CPU
		{D3897B36-E173-44C8-8BD3-D276F8E9C54F}.Debug|x64.Build.0 = Debug|Any CPU
		{D3897B36-E173-44C8-8BD3-D276F8E9C54F}.Debug|x86.ActiveCfg = Debug|Any CPU
		{D3897B36-E173-44C8-8BD3-D276F8E9C54F}.Debug|x86.Build.0 = Debug|Any CPU
		{D3897B36-E173-44C8-8BD3-D276F8E9C54F}.Release|Any CPU.ActiveCfg = Release|Any CPU
		{D3897B36-E173-44C8-8BD3-D276F8E9C54F}.Release|Any CPU.Build.0 = Release|Any CPU
		{D3897B36-E173-44C8-8BD3-D276F8E9C54F}.Release|x64.ActiveCfg = Release|Any CPU
		{D3897B36-E173-44C8-8BD3-D276F8E9C54F}.Release|x64.Build.0 = Release|Any CPU
		{D3897B36-E173-44C8-8BD3-D276F8E9C54F}.Release|x86.ActiveCfg = Release|Any CPU
		{D3897B36-E173-44C8-8BD3-D276F8E9C54F}.Release|x86.Build.0 = Release|Any CPU
		{5B2F4E6D-23B3-4CBF-83FC-42BE15EFAC47}.Debug|Any CPU.ActiveCfg = Debug|Any CPU
		{5B2F4E6D-23B3-4CBF-83FC-42BE15EFAC47}.Debug|Any CPU.Build.0 = Debug|Any CPU
		{5B2F4E6D-23B3-4CBF-83FC-42BE15EFAC47}.Debug|x64.ActiveCfg = Debug|Any CPU
		{5B2F4E6D-23B3-4CBF-83FC-42BE15EFAC47}.Debug|x64.Build.0 = Debug|Any CPU
		{5B2F4E6D-23B3-4CBF-83FC-42BE15EFAC47}.Debug|x86.ActiveCfg = Debug|Any CPU
		{5B2F4E6D-23B3-4CBF-83FC-42BE15EFAC47}.Debug|x86.Build.0 = Debug|Any CPU
		{5B2F4E6D-23B3-4CBF-83FC-42BE15EFAC47}.Release|Any CPU.ActiveCfg = Release|Any CPU
		{5B2F4E6D-23B3-4CBF-83FC-42BE15EFAC47}.Release|Any CPU.Build.0 = Release|Any CPU
		{5B2F4E6D-23B3-4CBF-83FC-42BE15EFAC47}.Release|x64.ActiveCfg = Release|Any CPU
		{5B2F4E6D-23B3-4CBF-83FC-42BE15EFAC47}.Release|x64.Build.0 = Release|Any CPU
		{5B2F4E6D-23B3-4CBF-83FC-42BE15EFAC47}.Release|x86.ActiveCfg = Release|Any CPU
		{5B2F4E6D-23B3-4CBF-83FC-42BE15EFAC47}.Release|x86.Build.0 = Release|Any CPU
		{87558C46-9D3A-4E0A-8A0B-3743E56310C3}.Debug|Any CPU.ActiveCfg = Debug|Any CPU
		{87558C46-9D3A-4E0A-8A0B-3743E56310C3}.Debug|Any CPU.Build.0 = Debug|Any CPU
		{87558C46-9D3A-4E0A-8A0B-3743E56310C3}.Debug|x64.ActiveCfg = Debug|Any CPU
		{87558C46-9D3A-4E0A-8A0B-3743E56310C3}.Debug|x64.Build.0 = Debug|Any CPU
		{87558C46-9D3A-4E0A-8A0B-3743E56310C3}.Debug|x86.ActiveCfg = Debug|Any CPU
		{87558C46-9D3A-4E0A-8A0B-3743E56310C3}.Debug|x86.Build.0 = Debug|Any CPU
		{87558C46-9D3A-4E0A-8A0B-3743E56310C3}.Release|Any CPU.ActiveCfg = Release|Any CPU
		{87558C46-9D3A-4E0A-8A0B-3743E56310C3}.Release|Any CPU.Build.0 = Release|Any CPU
		{87558C46-9D3A-4E0A-8A0B-3743E56310C3}.Release|x64.ActiveCfg = Release|Any CPU
		{87558C46-9D3A-4E0A-8A0B-3743E56310C3}.Release|x64.Build.0 = Release|Any CPU
		{87558C46-9D3A-4E0A-8A0B-3743E56310C3}.Release|x86.ActiveCfg = Release|Any CPU
		{87558C46-9D3A-4E0A-8A0B-3743E56310C3}.Release|x86.Build.0 = Release|Any CPU
	EndGlobalSection
	GlobalSection(SolutionProperties) = preSolution
		HideSolutionNode = FALSE
	EndGlobalSection
	GlobalSection(ExtensibilityGlobals) = postSolution
		SolutionGuid = {AD87CCD2-E3AF-4AD4-8F18-247EFC27CDCB}
	EndGlobalSection
EndGlobal
