
Microsoft Visual Studio Solution File, Format Version 12.00
# Visual Studio Version 17
VisualStudioVersion = 17.4.33122.133
MinimumVisualStudioVersion = 10.0.40219.1
Project("{9A19103F-16F7-4668-BE54-9A1E7A4F7556}") = "MeasureApp", "MeasureApp\MeasureApp.csproj", "{663112C2-BD4B-469E-AE03-781887BD5DA0}"
EndProject
Project("{9A19103F-16F7-4668-BE54-9A1E7A4F7556}") = "CarrotProtocolCommDemo", "CarrotProtocolCommDemo\CarrotProtocolCommDemo.csproj", "{61FBCF7C-CEBB-4B41-AA69-9DDADCEE12C2}"
EndProject
Project("{9A19103F-16F7-4668-BE54-9A1E7A4F7556}") = "CarrotCommFramework", "CarrotCommFramework\CarrotCommFramework.csproj", "{3C0A1459-2F1A-488C-8777-9105D0102370}"
EndProject
Project("{9A19103F-16F7-4668-BE54-9A1E7A4F7556}") = "HighPrecisionTimer", "HighPrecisionTimer\HighPrecisionTimer.csproj", "{D3897B36-E173-44C8-8BD3-D276F8E9C54F}"
EndProject
Project("{9A19103F-16F7-4668-BE54-9A1E7A4F7556}") = "HighPrecisionTimerBenchmark", "HighPrecisionTimerBenchmark\HighPrecisionTimerBenchmark.csproj", "{5B2F4E6D-23B3-4CBF-83FC-42BE15EFAC47}"
EndProject
Project("{9A19103F-16F7-4668-BE54-9A1E7A4F7556}") = "CarrotCommFrameworkDemo", "CarrotCommFrameworkDemo\CarrotCommFrameworkDemo.csproj", "{87558C46-9D3A-4E0A-8A0B-3743E56310C3}"
EndProject
Project("{9A19103F-16F7-4668-BE54-9A1E7A4F7556}") = "AsciiProtocolDevDemo", "AsciiProtocolDevDemo\AsciiProtocolDevDemo.csproj", "{B0BDFD2C-AEDF-4D31-BCB2-07E94E6C520D}"
EndProject
Project("{FAE04EC0-301F-11D3-BF4B-00C04F79EFBC}") = "MeasureAppConsole", "MeasureAppConsole\MeasureAppConsole.csproj", "{9F0A7F41-59C8-45A0-B0DF-84398F9FEC69}"
EndProject
Global
	GlobalSection(SolutionConfigurationPlatforms) = preSolution
		Debug|Any CPU = Debug|Any CPU
		Debug|x64 = Debug|x64
		Debug|x86 = Debug|x86
		Release|Any CPU = Release|Any CPU
		Release|x64 = Release|x64
		Release|x86 = Release|x86
	EndGlobalSection
	GlobalSection(ProjectConfigurationPlatforms) = postSolution
		{663112C2-BD4B-469E-AE03-781887BD5DA0}.Debug|Any CPU.ActiveCfg = Debug|Any CPU
		{663112C2-BD4B-469E-AE03-781887BD5DA0}.Debug|Any CPU.Build.0 = Debug|Any CPU
		{663112C2-BD4B-469E-AE03-781887BD5DA0}.Debug|x64.ActiveCfg = Debug|Any CPU
		{663112C2-BD4B-469E-AE03-781887BD5DA0}.Debug|x64.Build.0 = Debug|Any CPU
		{663112C2-BD4B-469E-AE03-781887BD5DA0}.Debug|x86.ActiveCfg = Debug|Any CPU
		{663112C2-BD4B-469E-AE03-781887BD5DA0}.Debug|x86.Build.0 = Debug|Any CPU
		{663112C2-BD4B-469E-AE03-781887BD5DA0}.Release|Any CPU.ActiveCfg = Release|Any CPU
		{663112C2-BD4B-469E-AE03-781887BD5DA0}.Release|Any CPU.Build.0 = Release|Any CPU
		{663112C2-BD4B-469E-AE03-781887BD5DA0}.Release|x64.ActiveCfg = Release|Any CPU
		{663112C2-BD4B-469E-AE03-781887BD5DA0}.Release|x64.Build.0 = Release|Any CPU
		{663112C2-BD4B-469E-AE03-781887BD5DA0}.Release|x86.ActiveCfg = Release|Any CPU
		{663112C2-BD4B-469E-AE03-781887BD5DA0}.Release|x86.Build.0 = Release|Any CPU
		{61FBCF7C-CEBB-4B41-AA69-9DDADCEE12C2}.Debug|Any CPU.ActiveCfg = Debug|Any CPU
		{61FBCF7C-CEBB-4B41-AA69-9DDADCEE12C2}.Debug|Any CPU.Build.0 = Debug|Any CPU
		{61FBCF7C-CEBB-4B41-AA69-9DDADCEE12C2}.Debug|x64.ActiveCfg = Debug|Any CPU
		{61FBCF7C-CEBB-4B41-AA69-9DDADCEE12C2}.Debug|x64.Build.0 = Debug|Any CPU
		{61FBCF7C-CEBB-4B41-AA69-9DDADCEE12C2}.Debug|x86.ActiveCfg = Debug|Any CPU
		{61FBCF7C-CEBB-4B41-AA69-9DDADCEE12C2}.Debug|x86.Build.0 = Debug|Any CPU
		{61FBCF7C-CEBB-4B41-AA69-9DDADCEE12C2}.Release|Any CPU.ActiveCfg = Release|Any CPU
		{61FBCF7C-CEBB-4B41-AA69-9DDADCEE12C2}.Release|Any CPU.Build.0 = Release|Any CPU
		{61FBCF7C-CEBB-4B41-AA69-9DDADCEE12C2}.Release|x64.ActiveCfg = Release|Any CPU
		{61FBCF7C-CEBB-4B41-AA69-9DDADCEE12C2}.Release|x64.Build.0 = Release|Any CPU
		{61FBCF7C-CEBB-4B41-AA69-9DDADCEE12C2}.Release|x86.ActiveCfg = Release|Any CPU
		{61FBCF7C-CEBB-4B41-AA69-9DDADCEE12C2}.Release|x86.Build.0 = Release|Any CPU
		{3C0A1459-2F1A-488C-8777-9105D0102370}.Debug|Any CPU.ActiveCfg = Debug|Any CPU
		{3C0A1459-2F1A-488C-8777-9105D0102370}.Debug|Any CPU.Build.0 = Debug|Any CPU
		{3C0A1459-2F1A-488C-8777-9105D0102370}.Debug|x64.ActiveCfg = Debug|Any CPU
		{3C0A1459-2F1A-488C-8777-9105D0102370}.Debug|x64.Build.0 = Debug|Any CPU
		{3C0A1459-2F1A-488C-8777-9105D0102370}.Debug|x86.ActiveCfg = Debug|Any CPU
		{3C0A1459-2F1A-488C-8777-9105D0102370}.Debug|x86.Build.0 = Debug|Any CPU
		{3C0A1459-2F1A-488C-8777-9105D0102370}.Release|Any CPU.ActiveCfg = Release|Any CPU
		{3C0A1459-2F1A-488C-8777-9105D0102370}.Release|Any CPU.Build.0 = Release|Any CPU
		{3C0A1459-2F1A-488C-8777-9105D0102370}.Release|x64.ActiveCfg = Release|Any CPU
		{3C0A1459-2F1A-488C-8777-9105D0102370}.Release|x64.Build.0 = Release|Any CPU
		{3C0A1459-2F1A-488C-8777-9105D0102370}.Release|x86.ActiveCfg = Release|Any CPU
		{3C0A1459-2F1A-488C-8777-9105D0102370}.Release|x86.Build.0 = Release|Any CPU
		{D3897B36-E173-44C8-8BD3-D276F8E9C54F}.Debug|Any CPU.ActiveCfg = Debug|Any CPU
		{D3897B36-E173-44C8-8BD3-D276F8E9C54F}.Debug|Any CPU.Build.0 = Debug|Any CPU
		{D3897B36-E173-44C8-8BD3-D276F8E9C54F}.Debug|x64.ActiveCfg = Debug|Any CPU
		{D3897B36-E173-44C8-8BD3-D276F8E9C54F}.Debug|x64.Build.0 = Debug|Any CPU
		{D3897B36-E173-44C8-8BD3-D276F8E9C54F}.Debug|x86.ActiveCfg = Debug|Any CPU
		{D3897B36-E173-44C8-8BD3-D276F8E9C54F}.Debug|x86.Build.0 = Debug|Any CPU
		{D3897B36-E173-44C8-8BD3-D276F8E9C54F}.Release|Any CPU.ActiveCfg = Release|Any CPU
		{D3897B36-E173-44C8-8BD3-D276F8E9C54F}.Release|Any CPU.Build.0 = Release|Any CPU
		{D3897B36-E173-44C8-8BD3-D276F8E9C54F}.Release|x64.ActiveCfg = Release|Any CPU
		{D3897B36-E173-44C8-8BD3-D276F8E9C54F}.Release|x64.Build.0 = Release|Any CPU
		{D3897B36-E173-44C8-8BD3-D276F8E9C54F}.Release|x86.ActiveCfg = Release|Any CPU
		{D3897B36-E173-44C8-8BD3-D276F8E9C54F}.Release|x86.Build.0 = Release|Any CPU
		{5B2F4E6D-23B3-4CBF-83FC-42BE15EFAC47}.Debug|Any CPU.ActiveCfg = Debug|Any CPU
		{5B2F4E6D-23B3-4CBF-83FC-42BE15EFAC47}.Debug|Any CPU.Build.0 = Debug|Any CPU
		{5B2F4E6D-23B3-4CBF-83FC-42BE15EFAC47}.Debug|x64.ActiveCfg = Debug|Any CPU
		{5B2F4E6D-23B3-4CBF-83FC-42BE15EFAC47}.Debug|x64.Build.0 = Debug|Any CPU
		{5B2F4E6D-23B3-4CBF-83FC-42BE15EFAC47}.Debug|x86.ActiveCfg = Debug|Any CPU
		{5B2F4E6D-23B3-4CBF-83FC-42BE15EFAC47}.Debug|x86.Build.0 = Debug|Any CPU
		{5B2F4E6D-23B3-4CBF-83FC-42BE15EFAC47}.Release|Any CPU.ActiveCfg = Release|Any CPU
		{5B2F4E6D-23B3-4CBF-83FC-42BE15EFAC47}.Release|Any CPU.Build.0 = Release|Any CPU
		{5B2F4E6D-23B3-4CBF-83FC-42BE15EFAC47}.Release|x64.ActiveCfg = Release|Any CPU
		{5B2F4E6D-23B3-4CBF-83FC-42BE15EFAC47}.Release|x64.Build.0 = Release|Any CPU
		{5B2F4E6D-23B3-4CBF-83FC-42BE15EFAC47}.Release|x86.ActiveCfg = Release|Any CPU
		{5B2F4E6D-23B3-4CBF-83FC-42BE15EFAC47}.Release|x86.Build.0 = Release|Any CPU
		{87558C46-9D3A-4E0A-8A0B-3743E56310C3}.Debug|Any CPU.ActiveCfg = Debug|Any CPU
		{87558C46-9D3A-4E0A-8A0B-3743E56310C3}.Debug|Any CPU.Build.0 = Debug|Any CPU
		{87558C46-9D3A-4E0A-8A0B-3743E56310C3}.Debug|x64.ActiveCfg = Debug|Any CPU
		{87558C46-9D3A-4E0A-8A0B-3743E56310C3}.Debug|x64.Build.0 = Debug|Any CPU
		{87558C46-9D3A-4E0A-8A0B-3743E56310C3}.Debug|x86.ActiveCfg = Debug|Any CPU
		{87558C46-9D3A-4E0A-8A0B-3743E56310C3}.Debug|x86.Build.0 = Debug|Any CPU
		{87558C46-9D3A-4E0A-8A0B-3743E56310C3}.Release|Any CPU.ActiveCfg = Release|Any CPU
		{87558C46-9D3A-4E0A-8A0B-3743E56310C3}.Release|Any CPU.Build.0 = Release|Any CPU
		{87558C46-9D3A-4E0A-8A0B-3743E56310C3}.Release|x64.ActiveCfg = Release|Any CPU
		{87558C46-9D3A-4E0A-8A0B-3743E56310C3}.Release|x64.Build.0 = Release|Any CPU
		{87558C46-9D3A-4E0A-8A0B-3743E56310C3}.Release|x86.ActiveCfg = Release|Any CPU
		{87558C46-9D3A-4E0A-8A0B-3743E56310C3}.Release|x86.Build.0 = Release|Any CPU
		{B0BDFD2C-AEDF-4D31-BCB2-07E94E6C520D}.Debug|Any CPU.ActiveCfg = Debug|Any CPU
		{B0BDFD2C-AEDF-4D31-BCB2-07E94E6C520D}.Debug|Any CPU.Build.0 = Debug|Any CPU
		{B0BDFD2C-AEDF-4D31-BCB2-07E94E6C520D}.Debug|x64.ActiveCfg = Debug|Any CPU
		{B0BDFD2C-AEDF-4D31-BCB2-07E94E6C520D}.Debug|x64.Build.0 = Debug|Any CPU
		{B0BDFD2C-AEDF-4D31-BCB2-07E94E6C520D}.Debug|x86.ActiveCfg = Debug|Any CPU
		{B0BDFD2C-AEDF-4D31-BCB2-07E94E6C520D}.Debug|x86.Build.0 = Debug|Any CPU
		{B0BDFD2C-AEDF-4D31-BCB2-07E94E6C520D}.Release|Any CPU.ActiveCfg = Release|Any CPU
		{B0BDFD2C-AEDF-4D31-BCB2-07E94E6C520D}.Release|Any CPU.Build.0 = Release|Any CPU
		{B0BDFD2C-AEDF-4D31-BCB2-07E94E6C520D}.Release|x64.ActiveCfg = Release|Any CPU
		{B0BDFD2C-AEDF-4D31-BCB2-07E94E6C520D}.Release|x64.Build.0 = Release|Any CPU
		{B0BDFD2C-AEDF-4D31-BCB2-07E94E6C520D}.Release|x86.ActiveCfg = Release|Any CPU
		{B0BDFD2C-AEDF-4D31-BCB2-07E94E6C520D}.Release|x86.Build.0 = Release|Any CPU
		{9F0A7F41-59C8-45A0-B0DF-84398F9FEC69}.Debug|Any CPU.ActiveCfg = Debug|Any CPU
		{9F0A7F41-59C8-45A0-B0DF-84398F9FEC69}.Debug|Any CPU.Build.0 = Debug|Any CPU
		{9F0A7F41-59C8-45A0-B0DF-84398F9FEC69}.Debug|x64.ActiveCfg = Debug|Any CPU
		{9F0A7F41-59C8-45A0-B0DF-84398F9FEC69}.Debug|x64.Build.0 = Debug|Any CPU
		{9F0A7F41-59C8-45A0-B0DF-84398F9FEC69}.Debug|x86.ActiveCfg = Debug|Any CPU
		{9F0A7F41-59C8-45A0-B0DF-84398F9FEC69}.Debug|x86.Build.0 = Debug|Any CPU
		{9F0A7F41-59C8-45A0-B0DF-84398F9FEC69}.Release|Any CPU.ActiveCfg = Release|Any CPU
		{9F0A7F41-59C8-45A0-B0DF-84398F9FEC69}.Release|Any CPU.Build.0 = Release|Any CPU
		{9F0A7F41-59C8-45A0-B0DF-84398F9FEC69}.Release|x64.ActiveCfg = Release|Any CPU
		{9F0A7F41-59C8-45A0-B0DF-84398F9FEC69}.Release|x64.Build.0 = Release|Any CPU
		{9F0A7F41-59C8-45A0-B0DF-84398F9FEC69}.Release|x86.ActiveCfg = Release|Any CPU
		{9F0A7F41-59C8-45A0-B0DF-84398F9FEC69}.Release|x86.Build.0 = Release|Any CPU
	EndGlobalSection
	GlobalSection(SolutionProperties) = preSolution
		HideSolutionNode = FALSE
	EndGlobalSection
	GlobalSection(ExtensibilityGlobals) = postSolution
		SolutionGuid = {AD87CCD2-E3AF-4AD4-8F18-247EFC27CDCB}
	EndGlobalSection
EndGlobal
