
Microsoft Visual Studio Solution File, Format Version 12.00
# Visual Studio Version 16
VisualStudioVersion = 16.0.31605.320
MinimumVisualStudioVersion = 10.0.40219.1
Project("{FAE04EC0-301F-11D3-BF4B-00C04F79EFBC}") = "WpfApp1", "WpfApp1\WpfApp1.csproj", "{B3638492-0F4F-4EE9-A5D9-C4B6907CA3E2}"
EndProject
Global
	GlobalSection(SolutionConfigurationPlatforms) = preSolution
		Debug|Any CPU = Debug|Any CPU
		Release|Any CPU = Release|Any CPU
	EndGlobalSection
	GlobalSection(ProjectConfigurationPlatforms) = postSolution
		{B3638492-0F4F-4EE9-A5D9-C4B6907CA3E2}.Debug|Any CPU.ActiveCfg = Debug|Any CPU
		{B3638492-0F4F-4EE9-A5D9-C4B6907CA3E2}.Debug|Any CPU.Build.0 = Debug|Any CPU
		{B3638492-0F4F-4EE9-A5D9-C4B6907CA3E2}.Release|Any CPU.ActiveCfg = Release|Any CPU
		{B3638492-0F4F-4EE9-A5D9-C4B6907CA3E2}.Release|Any CPU.Build.0 = Release|Any CPU
	EndGlobalSection
	GlobalSection(SolutionProperties) = preSolution
		HideSolutionNode = FALSE
	EndGlobalSection
	GlobalSection(ExtensibilityGlobals) = postSolution
		SolutionGuid = {AD87CCD2-E3AF-4AD4-8F18-247EFC27CDCB}
	EndGlobalSection
EndGlobal
